Microsoft Visual Studio Solution File, Format Version 12.00
# Visual Studio Version 16
VisualStudioVersion = 16.0.30011.22
MinimumVisualStudioVersion = 10.0.40219.1
Project("{F2A71F9B-5D33-465A-A702-920D77279786}") = "Vissim.ComProvider", "src\Vissim.ComProvider.fsproj", "{7E90D6CE-A10B-4858-A5BC-41DF7250CBCA}"
EndProject
Global
	GlobalSection(SolutionConfigurationPlatforms) = preSolution
		Debug|Any CPU = Debug|Any CPU
		Release|Any CPU = Release|Any CPU
	EndGlobalSection
	GlobalSection(ProjectConfigurationPlatforms) = postSolution
		{7E90D6CE-A10B-4858-A5BC-41DF7250CBCA}.Debug|Any CPU.ActiveCfg = Debug|Any CPU
		{7E90D6CE-A10B-4858-A5BC-41DF7250CBCA}.Debug|Any CPU.Build.0 = Debug|Any CPU
		{7E90D6CE-A10B-4858-A5BC-41DF7250CBCA}.Release|Any CPU.ActiveCfg = Release|Any CPU
		{7E90D6CE-A10B-4858-A5BC-41DF7250CBCA}.Release|Any CPU.Build.0 = Release|Any CPU
	EndGlobalSection
	GlobalSection(SolutionProperties) = preSolution
		HideSolutionNode = FALSE
	EndGlobalSection
	GlobalSection(ExtensibilityGlobals) = postSolution
		SolutionGuid = {050D1250-B857-442A-A40C-C41D5297EC79}
	EndGlobalSection
EndGlobal
