
Microsoft Visual Studio Solution File, Format Version 12.00
# Visual Studio Version 16
VisualStudioVersion = 16.0.30104.148
MinimumVisualStudioVersion = 10.0.40219.1
Project("{F2A71F9B-5D33-465A-A702-920D77279786}") = "BasicCommands", "examples\BasicCommands\BasicCommands.fsproj", "{C9794850-0B95-4550-9A4A-5914439D82F4}"
EndProject
Project("{F2A71F9B-5D33-465A-A702-920D77279786}") = "LoopPerformance", "examples\LoopPerformance\LoopPerformance.fsproj", "{D4D7ABAC-B88D-4BBB-9455-78F2289399EA}"
EndProject
Project("{F2A71F9B-5D33-465A-A702-920D77279786}") = "Car2X", "examples\Car2X\Car2X.fsproj", "{613EDB35-071F-484F-8EFB-F9079951C26C}"
EndProject
Project("{F2A71F9B-5D33-465A-A702-920D77279786}") = "DropOffZone", "examples\DropOffZone\DropOffZone.fsproj", "{A301998B-78A2-44CA-8CA4-A55793D3FD21}"
EndProject
Project("{F2A71F9B-5D33-465A-A702-920D77279786}") = "MatrixOperations", "examples\MatrixOperations\MatrixOperations.fsproj", "{6BB1C155-6382-4698-8D16-B969C9F156FF}"
EndProject
Project("{F2A71F9B-5D33-465A-A702-920D77279786}") = "NetworkObjectsAdding", "examples\NetworkObjectsAdding\NetworkObjectsAdding.fsproj", "{8E8C9AD9-2309-4C4E-9958-CD72DCF7ED88}"
EndProject
Project("{F2A71F9B-5D33-465A-A702-920D77279786}") = "HideVissim", "examples\HideVissim\HideVissim.fsproj", "{B5D0A0B0-8CCD-48F9-8ADA-ADD750EE4554}"
EndProject
Project("{FAE04EC0-301F-11D3-BF4B-00C04F79EFBC}") = "CSharpTest", "examples\CSharpTest\CSharpTest.csproj", "{EECEF41C-EB3A-4259-AF0E-43045B0CFEC9}"
EndProject
Global
	GlobalSection(SolutionConfigurationPlatforms) = preSolution
		Debug|Any CPU = Debug|Any CPU
		Debug|x64 = Debug|x64
		Release|Any CPU = Release|Any CPU
		Release|x64 = Release|x64
	EndGlobalSection
	GlobalSection(ProjectConfigurationPlatforms) = postSolution
		{C9794850-0B95-4550-9A4A-5914439D82F4}.Debug|Any CPU.ActiveCfg = Debug|Any CPU
		{C9794850-0B95-4550-9A4A-5914439D82F4}.Debug|Any CPU.Build.0 = Debug|Any CPU
		{C9794850-0B95-4550-9A4A-5914439D82F4}.Debug|x64.ActiveCfg = Debug|Any CPU
		{C9794850-0B95-4550-9A4A-5914439D82F4}.Debug|x64.Build.0 = Debug|Any CPU
		{C9794850-0B95-4550-9A4A-5914439D82F4}.Release|Any CPU.ActiveCfg = Release|Any CPU
		{C9794850-0B95-4550-9A4A-5914439D82F4}.Release|Any CPU.Build.0 = Release|Any CPU
		{C9794850-0B95-4550-9A4A-5914439D82F4}.Release|x64.ActiveCfg = Release|x64
		{C9794850-0B95-4550-9A4A-5914439D82F4}.Release|x64.Build.0 = Release|x64
		{D4D7ABAC-B88D-4BBB-9455-78F2289399EA}.Debug|Any CPU.ActiveCfg = Debug|Any CPU
		{D4D7ABAC-B88D-4BBB-9455-78F2289399EA}.Debug|Any CPU.Build.0 = Debug|Any CPU
		{D4D7ABAC-B88D-4BBB-9455-78F2289399EA}.Debug|x64.ActiveCfg = Debug|x64
		{D4D7ABAC-B88D-4BBB-9455-78F2289399EA}.Debug|x64.Build.0 = Debug|x64
		{D4D7ABAC-B88D-4BBB-9455-78F2289399EA}.Release|Any CPU.ActiveCfg = Release|Any CPU
		{D4D7ABAC-B88D-4BBB-9455-78F2289399EA}.Release|Any CPU.Build.0 = Release|Any CPU
		{D4D7ABAC-B88D-4BBB-9455-78F2289399EA}.Release|x64.ActiveCfg = Release|x64
		{D4D7ABAC-B88D-4BBB-9455-78F2289399EA}.Release|x64.Build.0 = Release|x64
		{613EDB35-071F-484F-8EFB-F9079951C26C}.Debug|Any CPU.ActiveCfg = Debug|Any CPU
		{613EDB35-071F-484F-8EFB-F9079951C26C}.Debug|Any CPU.Build.0 = Debug|Any CPU
		{613EDB35-071F-484F-8EFB-F9079951C26C}.Debug|x64.ActiveCfg = Debug|x64
		{613EDB35-071F-484F-8EFB-F9079951C26C}.Debug|x64.Build.0 = Debug|x64
		{613EDB35-071F-484F-8EFB-F9079951C26C}.Release|Any CPU.ActiveCfg = Release|Any CPU
		{613EDB35-071F-484F-8EFB-F9079951C26C}.Release|Any CPU.Build.0 = Release|Any CPU
		{613EDB35-071F-484F-8EFB-F9079951C26C}.Release|x64.ActiveCfg = Release|x64
		{613EDB35-071F-484F-8EFB-F9079951C26C}.Release|x64.Build.0 = Release|x64
		{A301998B-78A2-44CA-8CA4-A55793D3FD21}.Debug|Any CPU.ActiveCfg = Debug|Any CPU
		{A301998B-78A2-44CA-8CA4-A55793D3FD21}.Debug|Any CPU.Build.0 = Debug|Any CPU
		{A301998B-78A2-44CA-8CA4-A55793D3FD21}.Debug|x64.ActiveCfg = Debug|x64
		{A301998B-78A2-44CA-8CA4-A55793D3FD21}.Debug|x64.Build.0 = Debug|x64
		{A301998B-78A2-44CA-8CA4-A55793D3FD21}.Release|Any CPU.ActiveCfg = Release|Any CPU
		{A301998B-78A2-44CA-8CA4-A55793D3FD21}.Release|Any CPU.Build.0 = Release|Any CPU
		{A301998B-78A2-44CA-8CA4-A55793D3FD21}.Release|x64.ActiveCfg = Release|x64
		{A301998B-78A2-44CA-8CA4-A55793D3FD21}.Release|x64.Build.0 = Release|x64
		{6BB1C155-6382-4698-8D16-B969C9F156FF}.Debug|Any CPU.ActiveCfg = Debug|Any CPU
		{6BB1C155-6382-4698-8D16-B969C9F156FF}.Debug|Any CPU.Build.0 = Debug|Any CPU
		{6BB1C155-6382-4698-8D16-B969C9F156FF}.Debug|x64.ActiveCfg = Debug|x64
		{6BB1C155-6382-4698-8D16-B969C9F156FF}.Debug|x64.Build.0 = Debug|x64
		{6BB1C155-6382-4698-8D16-B969C9F156FF}.Release|Any CPU.ActiveCfg = Release|Any CPU
		{6BB1C155-6382-4698-8D16-B969C9F156FF}.Release|Any CPU.Build.0 = Release|Any CPU
		{6BB1C155-6382-4698-8D16-B969C9F156FF}.Release|x64.ActiveCfg = Release|x64
		{6BB1C155-6382-4698-8D16-B969C9F156FF}.Release|x64.Build.0 = Release|x64
		{8E8C9AD9-2309-4C4E-9958-CD72DCF7ED88}.Debug|Any CPU.ActiveCfg = Debug|Any CPU
		{8E8C9AD9-2309-4C4E-9958-CD72DCF7ED88}.Debug|Any CPU.Build.0 = Debug|Any CPU
		{8E8C9AD9-2309-4C4E-9958-CD72DCF7ED88}.Debug|x64.ActiveCfg = Debug|x64
		{8E8C9AD9-2309-4C4E-9958-CD72DCF7ED88}.Debug|x64.Build.0 = Debug|x64
		{8E8C9AD9-2309-4C4E-9958-CD72DCF7ED88}.Release|Any CPU.ActiveCfg = Release|Any CPU
		{8E8C9AD9-2309-4C4E-9958-CD72DCF7ED88}.Release|Any CPU.Build.0 = Release|Any CPU
		{8E8C9AD9-2309-4C4E-9958-CD72DCF7ED88}.Release|x64.ActiveCfg = Release|x64
		{8E8C9AD9-2309-4C4E-9958-CD72DCF7ED88}.Release|x64.Build.0 = Release|x64
		{B5D0A0B0-8CCD-48F9-8ADA-ADD750EE4554}.Debug|Any CPU.ActiveCfg = Debug|Any CPU
		{B5D0A0B0-8CCD-48F9-8ADA-ADD750EE4554}.Debug|Any CPU.Build.0 = Debug|Any CPU
		{B5D0A0B0-8CCD-48F9-8ADA-ADD750EE4554}.Debug|x64.ActiveCfg = Debug|x64
		{B5D0A0B0-8CCD-48F9-8ADA-ADD750EE4554}.Debug|x64.Build.0 = Debug|x64
		{B5D0A0B0-8CCD-48F9-8ADA-ADD750EE4554}.Release|Any CPU.ActiveCfg = Release|Any CPU
		{B5D0A0B0-8CCD-48F9-8ADA-ADD750EE4554}.Release|Any CPU.Build.0 = Release|Any CPU
		{B5D0A0B0-8CCD-48F9-8ADA-ADD750EE4554}.Release|x64.ActiveCfg = Release|x64
		{B5D0A0B0-8CCD-48F9-8ADA-ADD750EE4554}.Release|x64.Build.0 = Release|x64
		{EECEF41C-EB3A-4259-AF0E-43045B0CFEC9}.Debug|Any CPU.ActiveCfg = Debug|Any CPU
		{EECEF41C-EB3A-4259-AF0E-43045B0CFEC9}.Debug|Any CPU.Build.0 = Debug|Any CPU
		{EECEF41C-EB3A-4259-AF0E-43045B0CFEC9}.Debug|x64.ActiveCfg = Debug|Any CPU
		{EECEF41C-EB3A-4259-AF0E-43045B0CFEC9}.Debug|x64.Build.0 = Debug|Any CPU
		{EECEF41C-EB3A-4259-AF0E-43045B0CFEC9}.Release|Any CPU.ActiveCfg = Release|Any CPU
		{EECEF41C-EB3A-4259-AF0E-43045B0CFEC9}.Release|Any CPU.Build.0 = Release|Any CPU
		{EECEF41C-EB3A-4259-AF0E-43045B0CFEC9}.Release|x64.ActiveCfg = Release|Any CPU
		{EECEF41C-EB3A-4259-AF0E-43045B0CFEC9}.Release|x64.Build.0 = Release|Any CPU
	EndGlobalSection
	GlobalSection(SolutionProperties) = preSolution
		HideSolutionNode = FALSE
	EndGlobalSection
	GlobalSection(ExtensibilityGlobals) = postSolution
		SolutionGuid = {342FF6E1-DFC5-4E4B-9078-C5F248D789B5}
	EndGlobalSection
EndGlobal
