
Microsoft Visual Studio Solution File, Format Version 12.00
# Visual Studio Version 16
VisualStudioVersion = 16.0.30104.148
MinimumVisualStudioVersion = 10.0.40219.1
Project("{F2A71F9B-5D33-465A-A702-920D77279786}") = "BasicCommands", "examples\BasicCommands\BasicCommands.fsproj", "{C9794850-0B95-4550-9A4A-5914439D82F4}"
EndProject
Global
	GlobalSection(SolutionConfigurationPlatforms) = preSolution
		Debug|Any CPU = Debug|Any CPU
		Release|Any CPU = Release|Any CPU
	EndGlobalSection
	GlobalSection(ProjectConfigurationPlatforms) = postSolution
		{C9794850-0B95-4550-9A4A-5914439D82F4}.Debug|Any CPU.ActiveCfg = Debug|Any CPU
		{C9794850-0B95-4550-9A4A-5914439D82F4}.Debug|Any CPU.Build.0 = Debug|Any CPU
		{C9794850-0B95-4550-9A4A-5914439D82F4}.Release|Any CPU.ActiveCfg = Release|Any CPU
		{C9794850-0B95-4550-9A4A-5914439D82F4}.Release|Any CPU.Build.0 = Release|Any CPU
	EndGlobalSection
	GlobalSection(SolutionProperties) = preSolution
		HideSolutionNode = FALSE
	EndGlobalSection
	GlobalSection(ExtensibilityGlobals) = postSolution
		SolutionGuid = {342FF6E1-DFC5-4E4B-9078-C5F248D789B5}
	EndGlobalSection
EndGlobal
